
Microsoft Visual Studio Solution File, Format Version 12.00
# Visual Studio Version 17
VisualStudioVersion = 17.5.002.0
MinimumVisualStudioVersion = 10.0.40219.1
Project("{9A19103F-16F7-4668-BE54-9A1E7A4F7556}") = "sending-email", "sending-email.csproj", "{B1B9DB4F-B1CF-44C9-9DBF-001AB59E0BDA}"
EndProject
Global
	GlobalSection(SolutionConfigurationPlatforms) = preSolution
		Debug|Any CPU = Debug|Any CPU
		Release|Any CPU = Release|Any CPU
	EndGlobalSection
	GlobalSection(ProjectConfigurationPlatforms) = postSolution
		{B1B9DB4F-B1CF-44C9-9DBF-001AB59E0BDA}.Debug|Any CPU.ActiveCfg = Debug|Any CPU
		{B1B9DB4F-B1CF-44C9-9DBF-001AB59E0BDA}.Debug|Any CPU.Build.0 = Debug|Any CPU
		{B1B9DB4F-B1CF-44C9-9DBF-001AB59E0BDA}.Release|Any CPU.ActiveCfg = Release|Any CPU
		{B1B9DB4F-B1CF-44C9-9DBF-001AB59E0BDA}.Release|Any CPU.Build.0 = Release|Any CPU
	EndGlobalSection
	GlobalSection(SolutionProperties) = preSolution
		HideSolutionNode = FALSE
	EndGlobalSection
	GlobalSection(ExtensibilityGlobals) = postSolution
		SolutionGuid = {B5394F3B-2967-445D-A0CC-969AB3488B44}
	EndGlobalSection
EndGlobal
